// !$*UTF8*$!
{
	archiveVersion = 1;
	classes = {
	};
	objectVersion = 46;
	objects = {

/* Begin PBXBuildFile section */
		C32400021A1FEE01008AE349 /* NavigationControllerDemoTests.m in Sources */ = {isa = PBXBuildFile; fileRef = C32400011A1FEE01008AE349 /* NavigationControllerDemoTests.m */; };
		C324000E1A1FF269008AE349 /* AdicionarController.m in Sources */ = {isa = PBXBuildFile; fileRef = C324000C1A1FF269008AE349 /* AdicionarController.m */; };
		C324000F1A1FF269008AE349 /* AdicionarController.xib in Resources */ = {isa = PBXBuildFile; fileRef = C324000D1A1FF269008AE349 /* AdicionarController.xib */; };
		C32400131A2002BB008AE349 /* ConfiguracoesController.m in Sources */ = {isa = PBXBuildFile; fileRef = C32400111A2002BB008AE349 /* ConfiguracoesController.m */; };
		C32400141A2002BB008AE349 /* ConfiguracoesController.xib in Resources */ = {isa = PBXBuildFile; fileRef = C32400121A2002BB008AE349 /* ConfiguracoesController.xib */; };
		C324FFE81A1FEE01008AE349 /* main.m in Sources */ = {isa = PBXBuildFile; fileRef = C324FFE71A1FEE01008AE349 /* main.m */; };
		C324FFEB1A1FEE01008AE349 /* AppDelegate.m in Sources */ = {isa = PBXBuildFile; fileRef = C324FFEA1A1FEE01008AE349 /* AppDelegate.m */; };
		C324FFEE1A1FEE01008AE349 /* RootController.m in Sources */ = {isa = PBXBuildFile; fileRef = C324FFED1A1FEE01008AE349 /* RootController.m */; };
		C324FFF11A1FEE01008AE349 /* Main.storyboard in Resources */ = {isa = PBXBuildFile; fileRef = C324FFEF1A1FEE01008AE349 /* Main.storyboard */; };
		C324FFF31A1FEE01008AE349 /* Images.xcassets in Resources */ = {isa = PBXBuildFile; fileRef = C324FFF21A1FEE01008AE349 /* Images.xcassets */; };
		C324FFF61A1FEE01008AE349 /* LaunchScreen.xib in Resources */ = {isa = PBXBuildFile; fileRef = C324FFF41A1FEE01008AE349 /* LaunchScreen.xib */; };
/* End PBXBuildFile section */

/* Begin PBXContainerItemProxy section */
		C324FFFC1A1FEE01008AE349 /* PBXContainerItemProxy */ = {
			isa = PBXContainerItemProxy;
			containerPortal = C324FFDA1A1FEE01008AE349 /* Project object */;
			proxyType = 1;
			remoteGlobalIDString = C324FFE11A1FEE01008AE349;
			remoteInfo = NavigationControllerDemo;
		};
/* End PBXContainerItemProxy section */

/* Begin PBXFileReference section */
		C32400001A1FEE01008AE349 /* Info.plist */ = {isa = PBXFileReference; lastKnownFileType = text.plist.xml; path = Info.plist; sourceTree = "<group>"; };
		C32400011A1FEE01008AE349 /* NavigationControllerDemoTests.m */ = {isa = PBXFileReference; lastKnownFileType = sourcecode.c.objc; path = NavigationControllerDemoTests.m; sourceTree = "<group>"; };
		C324000B1A1FF269008AE349 /* AdicionarController.h */ = {isa = PBXFileReference; fileEncoding = 4; lastKnownFileType = sourcecode.c.h; path = AdicionarController.h; sourceTree = "<group>"; };
		C324000C1A1FF269008AE349 /* AdicionarController.m */ = {isa = PBXFileReference; fileEncoding = 4; lastKnownFileType = sourcecode.c.objc; path = AdicionarController.m; sourceTree = "<group>"; };
		C324000D1A1FF269008AE349 /* AdicionarController.xib */ = {isa = PBXFileReference; fileEncoding = 4; lastKnownFileType = file.xib; path = AdicionarController.xib; sourceTree = "<group>"; };
		C32400101A2002BB008AE349 /* ConfiguracoesController.h */ = {isa = PBXFileReference; fileEncoding = 4; lastKnownFileType = sourcecode.c.h; path = ConfiguracoesController.h; sourceTree = "<group>"; };
		C32400111A2002BB008AE349 /* ConfiguracoesController.m */ = {isa = PBXFileReference; fileEncoding = 4; lastKnownFileType = sourcecode.c.objc; path = ConfiguracoesController.m; sourceTree = "<group>"; };
		C32400121A2002BB008AE349 /* ConfiguracoesController.xib */ = {isa = PBXFileReference; fileEncoding = 4; lastKnownFileType = file.xib; path = ConfiguracoesController.xib; sourceTree = "<group>"; };
		C324FFE21A1FEE01008AE349 /* NavigationControllerDemo.app */ = {isa = PBXFileReference; explicitFileType = wrapper.application; includeInIndex = 0; path = NavigationControllerDemo.app; sourceTree = BUILT_PRODUCTS_DIR; };
		C324FFE61A1FEE01008AE349 /* Info.plist */ = {isa = PBXFileReference; lastKnownFileType = text.plist.xml; path = Info.plist; sourceTree = "<group>"; };
		C324FFE71A1FEE01008AE349 /* main.m */ = {isa = PBXFileReference; lastKnownFileType = sourcecode.c.objc; path = main.m; sourceTree = "<group>"; };
		C324FFE91A1FEE01008AE349 /* AppDelegate.h */ = {isa = PBXFileReference; lastKnownFileType = sourcecode.c.h; path = AppDelegate.h; sourceTree = "<group>"; };
		C324FFEA1A1FEE01008AE349 /* AppDelegate.m */ = {isa = PBXFileReference; lastKnownFileType = sourcecode.c.objc; path = AppDelegate.m; sourceTree = "<group>"; };
		C324FFEC1A1FEE01008AE349 /* RootController.h */ = {isa = PBXFileReference; lastKnownFileType = sourcecode.c.h; path = RootController.h; sourceTree = "<group>"; };
		C324FFED1A1FEE01008AE349 /* RootController.m */ = {isa = PBXFileReference; lastKnownFileType = sourcecode.c.objc; path = RootController.m; sourceTree = "<group>"; };
		C324FFF01A1FEE01008AE349 /* Base */ = {isa = PBXFileReference; lastKnownFileType = file.storyboard; name = Base; path = Base.lproj/Main.storyboard; sourceTree = "<group>"; };
		C324FFF21A1FEE01008AE349 /* Images.xcassets */ = {isa = PBXFileReference; lastKnownFileType = folder.assetcatalog; path = Images.xcassets; sourceTree = "<group>"; };
		C324FFF51A1FEE01008AE349 /* Base */ = {isa = PBXFileReference; lastKnownFileType = file.xib; name = Base; path = Base.lproj/LaunchScreen.xib; sourceTree = "<group>"; };
		C324FFFB1A1FEE01008AE349 /* NavigationControllerDemoTests.xctest */ = {isa = PBXFileReference; explicitFileType = wrapper.cfbundle; includeInIndex = 0; path = NavigationControllerDemoTests.xctest; sourceTree = BUILT_PRODUCTS_DIR; };
/* End PBXFileReference section */

/* Begin PBXFrameworksBuildPhase section */
		C324FFDF1A1FEE01008AE349 /* Frameworks */ = {
			isa = PBXFrameworksBuildPhase;
			buildActionMask = 2147483647;
			files = (
			);
			runOnlyForDeploymentPostprocessing = 0;
		};
		C324FFF81A1FEE01008AE349 /* Frameworks */ = {
			isa = PBXFrameworksBuildPhase;
			buildActionMask = 2147483647;
			files = (
			);
			runOnlyForDeploymentPostprocessing = 0;
		};
/* End PBXFrameworksBuildPhase section */

/* Begin PBXGroup section */
		C324FFD91A1FEE01008AE349 = {
			isa = PBXGroup;
			children = (
				C324FFE41A1FEE01008AE349 /* NavigationControllerDemo */,
				C324FFFE1A1FEE01008AE349 /* NavigationControllerDemoTests */,
				C324FFE31A1FEE01008AE349 /* Products */,
			);
			sourceTree = "<group>";
		};
		C324FFE31A1FEE01008AE349 /* Products */ = {
			isa = PBXGroup;
			children = (
				C324FFE21A1FEE01008AE349 /* NavigationControllerDemo.app */,
				C324FFFB1A1FEE01008AE349 /* NavigationControllerDemoTests.xctest */,
			);
			name = Products;
			sourceTree = "<group>";
		};
		C324FFE41A1FEE01008AE349 /* NavigationControllerDemo */ = {
			isa = PBXGroup;
			children = (
				C324FFE91A1FEE01008AE349 /* AppDelegate.h */,
				C324FFEA1A1FEE01008AE349 /* AppDelegate.m */,
				C324FFEC1A1FEE01008AE349 /* RootController.h */,
				C324FFED1A1FEE01008AE349 /* RootController.m */,
				C32400101A2002BB008AE349 /* ConfiguracoesController.h */,
				C32400111A2002BB008AE349 /* ConfiguracoesController.m */,
				C32400121A2002BB008AE349 /* ConfiguracoesController.xib */,
				C324FFEF1A1FEE01008AE349 /* Main.storyboard */,
				C324000B1A1FF269008AE349 /* AdicionarController.h */,
				C324000C1A1FF269008AE349 /* AdicionarController.m */,
				C324000D1A1FF269008AE349 /* AdicionarController.xib */,
				C324FFF21A1FEE01008AE349 /* Images.xcassets */,
				C324FFF41A1FEE01008AE349 /* LaunchScreen.xib */,
				C324FFE51A1FEE01008AE349 /* Supporting Files */,
			);
			path = NavigationControllerDemo;
			sourceTree = "<group>";
		};
		C324FFE51A1FEE01008AE349 /* Supporting Files */ = {
			isa = PBXGroup;
			children = (
				C324FFE61A1FEE01008AE349 /* Info.plist */,
				C324FFE71A1FEE01008AE349 /* main.m */,
			);
			name = "Supporting Files";
			sourceTree = "<group>";
		};
		C324FFFE1A1FEE01008AE349 /* NavigationControllerDemoTests */ = {
			isa = PBXGroup;
			children = (
				C32400011A1FEE01008AE349 /* NavigationControllerDemoTests.m */,
				C324FFFF1A1FEE01008AE349 /* Supporting Files */,
			);
			path = NavigationControllerDemoTests;
			sourceTree = "<group>";
		};
		C324FFFF1A1FEE01008AE349 /* Supporting Files */ = {
			isa = PBXGroup;
			children = (
				C32400001A1FEE01008AE349 /* Info.plist */,
			);
			name = "Supporting Files";
			sourceTree = "<group>";
		};
/* End PBXGroup section */

/* Begin PBXNativeTarget section */
		C324FFE11A1FEE01008AE349 /* NavigationControllerDemo */ = {
			isa = PBXNativeTarget;
			buildConfigurationList = C32400051A1FEE01008AE349 /* Build configuration list for PBXNativeTarget "NavigationControllerDemo" */;
			buildPhases = (
				C324FFDE1A1FEE01008AE349 /* Sources */,
				C324FFDF1A1FEE01008AE349 /* Frameworks */,
				C324FFE01A1FEE01008AE349 /* Resources */,
			);
			buildRules = (
			);
			dependencies = (
			);
			name = NavigationControllerDemo;
			productName = NavigationControllerDemo;
			productReference = C324FFE21A1FEE01008AE349 /* NavigationControllerDemo.app */;
			productType = "com.apple.product-type.application";
		};
		C324FFFA1A1FEE01008AE349 /* NavigationControllerDemoTests */ = {
			isa = PBXNativeTarget;
			buildConfigurationList = C32400081A1FEE01008AE349 /* Build configuration list for PBXNativeTarget "NavigationControllerDemoTests" */;
			buildPhases = (
				C324FFF71A1FEE01008AE349 /* Sources */,
				C324FFF81A1FEE01008AE349 /* Frameworks */,
				C324FFF91A1FEE01008AE349 /* Resources */,
			);
			buildRules = (
			);
			dependencies = (
				C324FFFD1A1FEE01008AE349 /* PBXTargetDependency */,
			);
			name = NavigationControllerDemoTests;
			productName = NavigationControllerDemoTests;
			productReference = C324FFFB1A1FEE01008AE349 /* NavigationControllerDemoTests.xctest */;
			productType = "com.apple.product-type.bundle.unit-test";
		};
/* End PBXNativeTarget section */

/* Begin PBXProject section */
		C324FFDA1A1FEE01008AE349 /* Project object */ = {
			isa = PBXProject;
			attributes = {
				LastUpgradeCheck = 0610;
				ORGANIZATIONNAME = JoaoTech;
				TargetAttributes = {
					C324FFE11A1FEE01008AE349 = {
						CreatedOnToolsVersion = 6.1;
					};
					C324FFFA1A1FEE01008AE349 = {
						CreatedOnToolsVersion = 6.1;
						TestTargetID = C324FFE11A1FEE01008AE349;
					};
				};
			};
			buildConfigurationList = C324FFDD1A1FEE01008AE349 /* Build configuration list for PBXProject "NavigationControllerDemo" */;
			compatibilityVersion = "Xcode 3.2";
			developmentRegion = English;
			hasScannedForEncodings = 0;
			knownRegions = (
				en,
				Base,
			);
			mainGroup = C324FFD91A1FEE01008AE349;
			productRefGroup = C324FFE31A1FEE01008AE349 /* Products */;
			projectDirPath = "";
			projectRoot = "";
			targets = (
				C324FFE11A1FEE01008AE349 /* NavigationControllerDemo */,
				C324FFFA1A1FEE01008AE349 /* NavigationControllerDemoTests */,
			);
		};
/* End PBXProject section */

/* Begin PBXResourcesBuildPhase section */
		C324FFE01A1FEE01008AE349 /* Resources */ = {
			isa = PBXResourcesBuildPhase;
			buildActionMask = 2147483647;
			files = (
				C32400141A2002BB008AE349 /* ConfiguracoesController.xib in Resources */,
				C324FFF11A1FEE01008AE349 /* Main.storyboard in Resources */,
				C324FFF61A1FEE01008AE349 /* LaunchScreen.xib in Resources */,
				C324000F1A1FF269008AE349 /* AdicionarController.xib in Resources */,
				C324FFF31A1FEE01008AE349 /* Images.xcassets in Resources */,
			);
			runOnlyForDeploymentPostprocessing = 0;
		};
		C324FFF91A1FEE01008AE349 /* Resources */ = {
			isa = PBXResourcesBuildPhase;
			buildActionMask = 2147483647;
			files = (
			);
			runOnlyForDeploymentPostprocessing = 0;
		};
/* End PBXResourcesBuildPhase section */

/* Begin PBXSourcesBuildPhase section */
		C324FFDE1A1FEE01008AE349 /* Sources */ = {
			isa = PBXSourcesBuildPhase;
			buildActionMask = 2147483647;
			files = (
				C324FFEE1A1FEE01008AE349 /* RootController.m in Sources */,
				C32400131A2002BB008AE349 /* ConfiguracoesController.m in Sources */,
				C324FFEB1A1FEE01008AE349 /* AppDelegate.m in Sources */,
				C324000E1A1FF269008AE349 /* AdicionarController.m in Sources */,
				C324FFE81A1FEE01008AE349 /* main.m in Sources */,
			);
			runOnlyForDeploymentPostprocessing = 0;
		};
		C324FFF71A1FEE01008AE349 /* Sources */ = {
			isa = PBXSourcesBuildPhase;
			buildActionMask = 2147483647;
			files = (
				C32400021A1FEE01008AE349 /* NavigationControllerDemoTests.m in Sources */,
			);
			runOnlyForDeploymentPostprocessing = 0;
		};
/* End PBXSourcesBuildPhase section */

/* Begin PBXTargetDependency section */
		C324FFFD1A1FEE01008AE349 /* PBXTargetDependency */ = {
			isa = PBXTargetDependency;
			target = C324FFE11A1FEE01008AE349 /* NavigationControllerDemo */;
			targetProxy = C324FFFC1A1FEE01008AE349 /* PBXContainerItemProxy */;
		};
/* End PBXTargetDependency section */

/* Begin PBXVariantGroup section */
		C324FFEF1A1FEE01008AE349 /* Main.storyboard */ = {
			isa = PBXVariantGroup;
			children = (
				C324FFF01A1FEE01008AE349 /* Base */,
			);
			name = Main.storyboard;
			sourceTree = "<group>";
		};
		C324FFF41A1FEE01008AE349 /* LaunchScreen.xib */ = {
			isa = PBXVariantGroup;
			children = (
				C324FFF51A1FEE01008AE349 /* Base */,
			);
			name = LaunchScreen.xib;
			sourceTree = "<group>";
		};
/* End PBXVariantGroup section */

/* Begin XCBuildConfiguration section */
		C32400031A1FEE01008AE349 /* Debug */ = {
			isa = XCBuildConfiguration;
			buildSettings = {
				ALWAYS_SEARCH_USER_PATHS = NO;
				CLANG_CXX_LANGUAGE_STANDARD = "gnu++0x";
				CLANG_CXX_LIBRARY = "libc++";
				CLANG_ENABLE_MODULES = YES;
				CLANG_ENABLE_OBJC_ARC = YES;
				CLANG_WARN_BOOL_CONVERSION = YES;
				CLANG_WARN_CONSTANT_CONVERSION = YES;
				CLANG_WARN_DIRECT_OBJC_ISA_USAGE = YES_ERROR;
				CLANG_WARN_EMPTY_BODY = YES;
				CLANG_WARN_ENUM_CONVERSION = YES;
				CLANG_WARN_INT_CONVERSION = YES;
				CLANG_WARN_OBJC_ROOT_CLASS = YES_ERROR;
				CLANG_WARN_UNREACHABLE_CODE = YES;
				CLANG_WARN__DUPLICATE_METHOD_MATCH = YES;
				"CODE_SIGN_IDENTITY[sdk=iphoneos*]" = "iPhone Developer";
				COPY_PHASE_STRIP = NO;
				ENABLE_STRICT_OBJC_MSGSEND = YES;
				GCC_C_LANGUAGE_STANDARD = gnu99;
				GCC_DYNAMIC_NO_PIC = NO;
				GCC_OPTIMIZATION_LEVEL = 0;
				GCC_PREPROCESSOR_DEFINITIONS = (
					"DEBUG=1",
					"$(inherited)",
				);
				GCC_SYMBOLS_PRIVATE_EXTERN = NO;
				GCC_WARN_64_TO_32_BIT_CONVERSION = YES;
				GCC_WARN_ABOUT_RETURN_TYPE = YES_ERROR;
				GCC_WARN_UNDECLARED_SELECTOR = YES;
				GCC_WARN_UNINITIALIZED_AUTOS = YES_AGGRESSIVE;
				GCC_WARN_UNUSED_FUNCTION = YES;
				GCC_WARN_UNUSED_VARIABLE = YES;
				IPHONEOS_DEPLOYMENT_TARGET = 8.1;
				MTL_ENABLE_DEBUG_INFO = YES;
				ONLY_ACTIVE_ARCH = YES;
				SDKROOT = iphoneos;
			};
			name = Debug;
		};
		C32400041A1FEE01008AE349 /* Release */ = {
			isa = XCBuildConfiguration;
			buildSettings = {
				ALWAYS_SEARCH_USER_PATHS = NO;
				CLANG_CXX_LANGUAGE_STANDARD = "gnu++0x";
				CLANG_CXX_LIBRARY = "libc++";
				CLANG_ENABLE_MODULES = YES;
				CLANG_ENABLE_OBJC_ARC = YES;
				CLANG_WARN_BOOL_CONVERSION = YES;
				CLANG_WARN_CONSTANT_CONVERSION = YES;
				CLANG_WARN_DIRECT_OBJC_ISA_USAGE = YES_ERROR;
				CLANG_WARN_EMPTY_BODY = YES;
				CLANG_WARN_ENUM_CONVERSION = YES;
				CLANG_WARN_INT_CONVERSION = YES;
				CLANG_WARN_OBJC_ROOT_CLASS = YES_ERROR;
				CLANG_WARN_UNREACHABLE_CODE = YES;
				CLANG_WARN__DUPLICATE_METHOD_MATCH = YES;
				"CODE_SIGN_IDENTITY[sdk=iphoneos*]" = "iPhone Developer";
				COPY_PHASE_STRIP = YES;
				ENABLE_NS_ASSERTIONS = NO;
				ENABLE_STRICT_OBJC_MSGSEND = YES;
				GCC_C_LANGUAGE_STANDARD = gnu99;
				GCC_WARN_64_TO_32_BIT_CONVERSION = YES;
				GCC_WARN_ABOUT_RETURN_TYPE = YES_ERROR;
				GCC_WARN_UNDECLARED_SELECTOR = YES;
				GCC_WARN_UNINITIALIZED_AUTOS = YES_AGGRESSIVE;
				GCC_WARN_UNUSED_FUNCTION = YES;
				GCC_WARN_UNUSED_VARIABLE = YES;
				IPHONEOS_DEPLOYMENT_TARGET = 8.1;
				MTL_ENABLE_DEBUG_INFO = NO;
				SDKROOT = iphoneos;
				VALIDATE_PRODUCT = YES;
			};
			name = Release;
		};
		C32400061A1FEE01008AE349 /* Debug */ = {
			isa = XCBuildConfiguration;
			buildSettings = {
				ASSETCATALOG_COMPILER_APPICON_NAME = AppIcon;
				INFOPLIST_FILE = NavigationControllerDemo/Info.plist;
				LD_RUNPATH_SEARCH_PATHS = "$(inherited) @executable_path/Frameworks";
				PRODUCT_NAME = "$(TARGET_NAME)";
			};
			name = Debug;
		};
		C32400071A1FEE01008AE349 /* Release */ = {
			isa = XCBuildConfiguration;
			buildSettings = {
				ASSETCATALOG_COMPILER_APPICON_NAME = AppIcon;
				INFOPLIST_FILE = NavigationControllerDemo/Info.plist;
				LD_RUNPATH_SEARCH_PATHS = "$(inherited) @executable_path/Frameworks";
				PRODUCT_NAME = "$(TARGET_NAME)";
			};
			name = Release;
		};
		C32400091A1FEE01008AE349 /* Debug */ = {
			isa = XCBuildConfiguration;
			buildSettings = {
				BUNDLE_LOADER = "$(TEST_HOST)";
				FRAMEWORK_SEARCH_PATHS = (
					"$(SDKROOT)/Developer/Library/Frameworks",
					"$(inherited)",
				);
				GCC_PREPROCESSOR_DEFINITIONS = (
					"DEBUG=1",
					"$(inherited)",
				);
				INFOPLIST_FILE = NavigationControllerDemoTests/Info.plist;
				LD_RUNPATH_SEARCH_PATHS = "$(inherited) @executable_path/Frameworks @loader_path/Frameworks";
				PRODUCT_NAME = "$(TARGET_NAME)";
				TEST_HOST = "$(BUILT_PRODUCTS_DIR)/NavigationControllerDemo.app/NavigationControllerDemo";
			};
			name = Debug;
		};
		C324000A1A1FEE01008AE349 /* Release */ = {
			isa = XCBuildConfiguration;
			buildSettings = {
				BUNDLE_LOADER = "$(TEST_HOST)";
				FRAMEWORK_SEARCH_PATHS = (
					"$(SDKROOT)/Developer/Library/Frameworks",
					"$(inherited)",
				);
				INFOPLIST_FILE = NavigationControllerDemoTests/Info.plist;
				LD_RUNPATH_SEARCH_PATHS = "$(inherited) @executable_path/Frameworks @loader_path/Frameworks";
				PRODUCT_NAME = "$(TARGET_NAME)";
				TEST_HOST = "$(BUILT_PRODUCTS_DIR)/NavigationControllerDemo.app/NavigationControllerDemo";
			};
			name = Release;
		};
/* End XCBuildConfiguration section */

/* Begin XCConfigurationList section */
		C32400051A1FEE01008AE349 /* Build configuration list for PBXNativeTarget "NavigationControllerDemo" */ = {
			isa = XCConfigurationList;
			buildConfigurations = (
				C32400061A1FEE01008AE349 /* Debug */,
				C32400071A1FEE01008AE349 /* Release */,
			);
			defaultConfigurationIsVisible = 0;
		};
		C32400081A1FEE01008AE349 /* Build configuration list for PBXNativeTarget "NavigationControllerDemoTests" */ = {
			isa = XCConfigurationList;
			buildConfigurations = (
				C32400091A1FEE01008AE349 /* Debug */,
				C324000A1A1FEE01008AE349 /* Release */,
			);
			defaultConfigurationIsVisible = 0;
		};
		C324FFDD1A1FEE01008AE349 /* Build configuration list for PBXProject "NavigationControllerDemo" */ = {
			isa = XCConfigurationList;
			buildConfigurations = (
				C32400031A1FEE01008AE349 /* Debug */,
				C32400041A1FEE01008AE349 /* Release */,
			);
			defaultConfigurationIsVisible = 0;
			defaultConfigurationName = Release;
		};
/* End XCConfigurationList section */
	};
	rootObject = C324FFDA1A1FEE01008AE349 /* Project object */;
}
