// !$*UTF8*$!
{
	archiveVersion = 1;
	classes = {
	};
	objectVersion = 46;
	objects = {

/* Begin PBXBuildFile section */
		C3DC57DC19FB040B003A6198 /* main.m in Sources */ = {isa = PBXBuildFile; fileRef = C3DC57DB19FB040B003A6198 /* main.m */; };
		C3DC57DF19FB040B003A6198 /* AppDelegate.m in Sources */ = {isa = PBXBuildFile; fileRef = C3DC57DE19FB040B003A6198 /* AppDelegate.m */; };
		C3DC57E219FB040B003A6198 /* ViewController.m in Sources */ = {isa = PBXBuildFile; fileRef = C3DC57E119FB040B003A6198 /* ViewController.m */; };
		C3DC57E519FB040B003A6198 /* Main.storyboard in Resources */ = {isa = PBXBuildFile; fileRef = C3DC57E319FB040B003A6198 /* Main.storyboard */; };
		C3DC57E719FB040B003A6198 /* Images.xcassets in Resources */ = {isa = PBXBuildFile; fileRef = C3DC57E619FB040B003A6198 /* Images.xcassets */; };
		C3DC57EA19FB040B003A6198 /* LaunchScreen.xib in Resources */ = {isa = PBXBuildFile; fileRef = C3DC57E819FB040B003A6198 /* LaunchScreen.xib */; };
		C3DC57F619FB040B003A6198 /* CatalogoEmpresasTests.m in Sources */ = {isa = PBXBuildFile; fileRef = C3DC57F519FB040B003A6198 /* CatalogoEmpresasTests.m */; };
		C3DC580619FB0CD6003A6198 /* Empresa.m in Sources */ = {isa = PBXBuildFile; fileRef = C3DC580519FB0CD6003A6198 /* Empresa.m */; };
/* End PBXBuildFile section */

/* Begin PBXContainerItemProxy section */
		C3DC57F019FB040B003A6198 /* PBXContainerItemProxy */ = {
			isa = PBXContainerItemProxy;
			containerPortal = C3DC57CE19FB040B003A6198 /* Project object */;
			proxyType = 1;
			remoteGlobalIDString = C3DC57D519FB040B003A6198;
			remoteInfo = CatalogoEmpresas;
		};
/* End PBXContainerItemProxy section */

/* Begin PBXFileReference section */
		C3DC57D619FB040B003A6198 /* CatalogoEmpresas.app */ = {isa = PBXFileReference; explicitFileType = wrapper.application; includeInIndex = 0; path = CatalogoEmpresas.app; sourceTree = BUILT_PRODUCTS_DIR; };
		C3DC57DA19FB040B003A6198 /* Info.plist */ = {isa = PBXFileReference; lastKnownFileType = text.plist.xml; path = Info.plist; sourceTree = "<group>"; };
		C3DC57DB19FB040B003A6198 /* main.m */ = {isa = PBXFileReference; lastKnownFileType = sourcecode.c.objc; path = main.m; sourceTree = "<group>"; };
		C3DC57DD19FB040B003A6198 /* AppDelegate.h */ = {isa = PBXFileReference; lastKnownFileType = sourcecode.c.h; path = AppDelegate.h; sourceTree = "<group>"; };
		C3DC57DE19FB040B003A6198 /* AppDelegate.m */ = {isa = PBXFileReference; lastKnownFileType = sourcecode.c.objc; path = AppDelegate.m; sourceTree = "<group>"; };
		C3DC57E019FB040B003A6198 /* ViewController.h */ = {isa = PBXFileReference; lastKnownFileType = sourcecode.c.h; path = ViewController.h; sourceTree = "<group>"; };
		C3DC57E119FB040B003A6198 /* ViewController.m */ = {isa = PBXFileReference; lastKnownFileType = sourcecode.c.objc; path = ViewController.m; sourceTree = "<group>"; };
		C3DC57E419FB040B003A6198 /* Base */ = {isa = PBXFileReference; lastKnownFileType = file.storyboard; name = Base; path = Base.lproj/Main.storyboard; sourceTree = "<group>"; };
		C3DC57E619FB040B003A6198 /* Images.xcassets */ = {isa = PBXFileReference; lastKnownFileType = folder.assetcatalog; path = Images.xcassets; sourceTree = "<group>"; };
		C3DC57E919FB040B003A6198 /* Base */ = {isa = PBXFileReference; lastKnownFileType = file.xib; name = Base; path = Base.lproj/LaunchScreen.xib; sourceTree = "<group>"; };
		C3DC57EF19FB040B003A6198 /* CatalogoEmpresasTests.xctest */ = {isa = PBXFileReference; explicitFileType = wrapper.cfbundle; includeInIndex = 0; path = CatalogoEmpresasTests.xctest; sourceTree = BUILT_PRODUCTS_DIR; };
		C3DC57F419FB040B003A6198 /* Info.plist */ = {isa = PBXFileReference; lastKnownFileType = text.plist.xml; path = Info.plist; sourceTree = "<group>"; };
		C3DC57F519FB040B003A6198 /* CatalogoEmpresasTests.m */ = {isa = PBXFileReference; lastKnownFileType = sourcecode.c.objc; path = CatalogoEmpresasTests.m; sourceTree = "<group>"; };
		C3DC580519FB0CD6003A6198 /* Empresa.m */ = {isa = PBXFileReference; fileEncoding = 4; lastKnownFileType = sourcecode.c.objc; path = Empresa.m; sourceTree = "<group>"; };
		C3DC580719FB0D35003A6198 /* Empresa.h */ = {isa = PBXFileReference; fileEncoding = 4; lastKnownFileType = sourcecode.c.h; path = Empresa.h; sourceTree = "<group>"; };
/* End PBXFileReference section */

/* Begin PBXFrameworksBuildPhase section */
		C3DC57D319FB040B003A6198 /* Frameworks */ = {
			isa = PBXFrameworksBuildPhase;
			buildActionMask = 2147483647;
			files = (
			);
			runOnlyForDeploymentPostprocessing = 0;
		};
		C3DC57EC19FB040B003A6198 /* Frameworks */ = {
			isa = PBXFrameworksBuildPhase;
			buildActionMask = 2147483647;
			files = (
			);
			runOnlyForDeploymentPostprocessing = 0;
		};
/* End PBXFrameworksBuildPhase section */

/* Begin PBXGroup section */
		C3DC57CD19FB040B003A6198 = {
			isa = PBXGroup;
			children = (
				C3DC57D819FB040B003A6198 /* CatalogoEmpresas */,
				C3DC57F219FB040B003A6198 /* CatalogoEmpresasTests */,
				C3DC57D719FB040B003A6198 /* Products */,
			);
			sourceTree = "<group>";
		};
		C3DC57D719FB040B003A6198 /* Products */ = {
			isa = PBXGroup;
			children = (
				C3DC57D619FB040B003A6198 /* CatalogoEmpresas.app */,
				C3DC57EF19FB040B003A6198 /* CatalogoEmpresasTests.xctest */,
			);
			name = Products;
			sourceTree = "<group>";
		};
		C3DC57D819FB040B003A6198 /* CatalogoEmpresas */ = {
			isa = PBXGroup;
			children = (
				C3DC57DD19FB040B003A6198 /* AppDelegate.h */,
				C3DC57DE19FB040B003A6198 /* AppDelegate.m */,
				C3DC57E019FB040B003A6198 /* ViewController.h */,
				C3DC57E119FB040B003A6198 /* ViewController.m */,
				C3DC57E319FB040B003A6198 /* Main.storyboard */,
				C3DC57E619FB040B003A6198 /* Images.xcassets */,
				C3DC57E819FB040B003A6198 /* LaunchScreen.xib */,
				C3DC57D919FB040B003A6198 /* Supporting Files */,
				C3DC580519FB0CD6003A6198 /* Empresa.m */,
				C3DC580719FB0D35003A6198 /* Empresa.h */,
			);
			path = CatalogoEmpresas;
			sourceTree = "<group>";
		};
		C3DC57D919FB040B003A6198 /* Supporting Files */ = {
			isa = PBXGroup;
			children = (
				C3DC57DA19FB040B003A6198 /* Info.plist */,
				C3DC57DB19FB040B003A6198 /* main.m */,
			);
			name = "Supporting Files";
			sourceTree = "<group>";
		};
		C3DC57F219FB040B003A6198 /* CatalogoEmpresasTests */ = {
			isa = PBXGroup;
			children = (
				C3DC57F519FB040B003A6198 /* CatalogoEmpresasTests.m */,
				C3DC57F319FB040B003A6198 /* Supporting Files */,
			);
			path = CatalogoEmpresasTests;
			sourceTree = "<group>";
		};
		C3DC57F319FB040B003A6198 /* Supporting Files */ = {
			isa = PBXGroup;
			children = (
				C3DC57F419FB040B003A6198 /* Info.plist */,
			);
			name = "Supporting Files";
			sourceTree = "<group>";
		};
/* End PBXGroup section */

/* Begin PBXNativeTarget section */
		C3DC57D519FB040B003A6198 /* CatalogoEmpresas */ = {
			isa = PBXNativeTarget;
			buildConfigurationList = C3DC57F919FB040B003A6198 /* Build configuration list for PBXNativeTarget "CatalogoEmpresas" */;
			buildPhases = (
				C3DC57D219FB040B003A6198 /* Sources */,
				C3DC57D319FB040B003A6198 /* Frameworks */,
				C3DC57D419FB040B003A6198 /* Resources */,
			);
			buildRules = (
			);
			dependencies = (
			);
			name = CatalogoEmpresas;
			productName = CatalogoEmpresas;
			productReference = C3DC57D619FB040B003A6198 /* CatalogoEmpresas.app */;
			productType = "com.apple.product-type.application";
		};
		C3DC57EE19FB040B003A6198 /* CatalogoEmpresasTests */ = {
			isa = PBXNativeTarget;
			buildConfigurationList = C3DC57FC19FB040B003A6198 /* Build configuration list for PBXNativeTarget "CatalogoEmpresasTests" */;
			buildPhases = (
				C3DC57EB19FB040B003A6198 /* Sources */,
				C3DC57EC19FB040B003A6198 /* Frameworks */,
				C3DC57ED19FB040B003A6198 /* Resources */,
			);
			buildRules = (
			);
			dependencies = (
				C3DC57F119FB040B003A6198 /* PBXTargetDependency */,
			);
			name = CatalogoEmpresasTests;
			productName = CatalogoEmpresasTests;
			productReference = C3DC57EF19FB040B003A6198 /* CatalogoEmpresasTests.xctest */;
			productType = "com.apple.product-type.bundle.unit-test";
		};
/* End PBXNativeTarget section */

/* Begin PBXProject section */
		C3DC57CE19FB040B003A6198 /* Project object */ = {
			isa = PBXProject;
			attributes = {
				LastUpgradeCheck = 0610;
				ORGANIZATIONNAME = JoaoTech;
				TargetAttributes = {
					C3DC57D519FB040B003A6198 = {
						CreatedOnToolsVersion = 6.1;
					};
					C3DC57EE19FB040B003A6198 = {
						CreatedOnToolsVersion = 6.1;
						TestTargetID = C3DC57D519FB040B003A6198;
					};
				};
			};
			buildConfigurationList = C3DC57D119FB040B003A6198 /* Build configuration list for PBXProject "CatalogoEmpresas" */;
			compatibilityVersion = "Xcode 3.2";
			developmentRegion = English;
			hasScannedForEncodings = 0;
			knownRegions = (
				en,
				Base,
			);
			mainGroup = C3DC57CD19FB040B003A6198;
			productRefGroup = C3DC57D719FB040B003A6198 /* Products */;
			projectDirPath = "";
			projectRoot = "";
			targets = (
				C3DC57D519FB040B003A6198 /* CatalogoEmpresas */,
				C3DC57EE19FB040B003A6198 /* CatalogoEmpresasTests */,
			);
		};
/* End PBXProject section */

/* Begin PBXResourcesBuildPhase section */
		C3DC57D419FB040B003A6198 /* Resources */ = {
			isa = PBXResourcesBuildPhase;
			buildActionMask = 2147483647;
			files = (
				C3DC57E519FB040B003A6198 /* Main.storyboard in Resources */,
				C3DC57EA19FB040B003A6198 /* LaunchScreen.xib in Resources */,
				C3DC57E719FB040B003A6198 /* Images.xcassets in Resources */,
			);
			runOnlyForDeploymentPostprocessing = 0;
		};
		C3DC57ED19FB040B003A6198 /* Resources */ = {
			isa = PBXResourcesBuildPhase;
			buildActionMask = 2147483647;
			files = (
			);
			runOnlyForDeploymentPostprocessing = 0;
		};
/* End PBXResourcesBuildPhase section */

/* Begin PBXSourcesBuildPhase section */
		C3DC57D219FB040B003A6198 /* Sources */ = {
			isa = PBXSourcesBuildPhase;
			buildActionMask = 2147483647;
			files = (
				C3DC57E219FB040B003A6198 /* ViewController.m in Sources */,
				C3DC580619FB0CD6003A6198 /* Empresa.m in Sources */,
				C3DC57DF19FB040B003A6198 /* AppDelegate.m in Sources */,
				C3DC57DC19FB040B003A6198 /* main.m in Sources */,
			);
			runOnlyForDeploymentPostprocessing = 0;
		};
		C3DC57EB19FB040B003A6198 /* Sources */ = {
			isa = PBXSourcesBuildPhase;
			buildActionMask = 2147483647;
			files = (
				C3DC57F619FB040B003A6198 /* CatalogoEmpresasTests.m in Sources */,
			);
			runOnlyForDeploymentPostprocessing = 0;
		};
/* End PBXSourcesBuildPhase section */

/* Begin PBXTargetDependency section */
		C3DC57F119FB040B003A6198 /* PBXTargetDependency */ = {
			isa = PBXTargetDependency;
			target = C3DC57D519FB040B003A6198 /* CatalogoEmpresas */;
			targetProxy = C3DC57F019FB040B003A6198 /* PBXContainerItemProxy */;
		};
/* End PBXTargetDependency section */

/* Begin PBXVariantGroup section */
		C3DC57E319FB040B003A6198 /* Main.storyboard */ = {
			isa = PBXVariantGroup;
			children = (
				C3DC57E419FB040B003A6198 /* Base */,
			);
			name = Main.storyboard;
			sourceTree = "<group>";
		};
		C3DC57E819FB040B003A6198 /* LaunchScreen.xib */ = {
			isa = PBXVariantGroup;
			children = (
				C3DC57E919FB040B003A6198 /* Base */,
			);
			name = LaunchScreen.xib;
			sourceTree = "<group>";
		};
/* End PBXVariantGroup section */

/* Begin XCBuildConfiguration section */
		C3DC57F719FB040B003A6198 /* Debug */ = {
			isa = XCBuildConfiguration;
			buildSettings = {
				ALWAYS_SEARCH_USER_PATHS = NO;
				CLANG_CXX_LANGUAGE_STANDARD = "gnu++0x";
				CLANG_CXX_LIBRARY = "libc++";
				CLANG_ENABLE_MODULES = YES;
				CLANG_ENABLE_OBJC_ARC = YES;
				CLANG_WARN_BOOL_CONVERSION = YES;
				CLANG_WARN_CONSTANT_CONVERSION = YES;
				CLANG_WARN_DIRECT_OBJC_ISA_USAGE = YES_ERROR;
				CLANG_WARN_EMPTY_BODY = YES;
				CLANG_WARN_ENUM_CONVERSION = YES;
				CLANG_WARN_INT_CONVERSION = YES;
				CLANG_WARN_OBJC_ROOT_CLASS = YES_ERROR;
				CLANG_WARN_UNREACHABLE_CODE = YES;
				CLANG_WARN__DUPLICATE_METHOD_MATCH = YES;
				"CODE_SIGN_IDENTITY[sdk=iphoneos*]" = "iPhone Developer";
				COPY_PHASE_STRIP = NO;
				ENABLE_STRICT_OBJC_MSGSEND = YES;
				GCC_C_LANGUAGE_STANDARD = gnu99;
				GCC_DYNAMIC_NO_PIC = NO;
				GCC_OPTIMIZATION_LEVEL = 0;
				GCC_PREPROCESSOR_DEFINITIONS = (
					"DEBUG=1",
					"$(inherited)",
				);
				GCC_SYMBOLS_PRIVATE_EXTERN = NO;
				GCC_WARN_64_TO_32_BIT_CONVERSION = YES;
				GCC_WARN_ABOUT_RETURN_TYPE = YES_ERROR;
				GCC_WARN_UNDECLARED_SELECTOR = YES;
				GCC_WARN_UNINITIALIZED_AUTOS = YES_AGGRESSIVE;
				GCC_WARN_UNUSED_FUNCTION = YES;
				GCC_WARN_UNUSED_VARIABLE = YES;
				IPHONEOS_DEPLOYMENT_TARGET = 8.1;
				MTL_ENABLE_DEBUG_INFO = YES;
				ONLY_ACTIVE_ARCH = YES;
				SDKROOT = iphoneos;
			};
			name = Debug;
		};
		C3DC57F819FB040B003A6198 /* Release */ = {
			isa = XCBuildConfiguration;
			buildSettings = {
				ALWAYS_SEARCH_USER_PATHS = NO;
				CLANG_CXX_LANGUAGE_STANDARD = "gnu++0x";
				CLANG_CXX_LIBRARY = "libc++";
				CLANG_ENABLE_MODULES = YES;
				CLANG_ENABLE_OBJC_ARC = YES;
				CLANG_WARN_BOOL_CONVERSION = YES;
				CLANG_WARN_CONSTANT_CONVERSION = YES;
				CLANG_WARN_DIRECT_OBJC_ISA_USAGE = YES_ERROR;
				CLANG_WARN_EMPTY_BODY = YES;
				CLANG_WARN_ENUM_CONVERSION = YES;
				CLANG_WARN_INT_CONVERSION = YES;
				CLANG_WARN_OBJC_ROOT_CLASS = YES_ERROR;
				CLANG_WARN_UNREACHABLE_CODE = YES;
				CLANG_WARN__DUPLICATE_METHOD_MATCH = YES;
				"CODE_SIGN_IDENTITY[sdk=iphoneos*]" = "iPhone Developer";
				COPY_PHASE_STRIP = YES;
				ENABLE_NS_ASSERTIONS = NO;
				ENABLE_STRICT_OBJC_MSGSEND = YES;
				GCC_C_LANGUAGE_STANDARD = gnu99;
				GCC_WARN_64_TO_32_BIT_CONVERSION = YES;
				GCC_WARN_ABOUT_RETURN_TYPE = YES_ERROR;
				GCC_WARN_UNDECLARED_SELECTOR = YES;
				GCC_WARN_UNINITIALIZED_AUTOS = YES_AGGRESSIVE;
				GCC_WARN_UNUSED_FUNCTION = YES;
				GCC_WARN_UNUSED_VARIABLE = YES;
				IPHONEOS_DEPLOYMENT_TARGET = 8.1;
				MTL_ENABLE_DEBUG_INFO = NO;
				SDKROOT = iphoneos;
				VALIDATE_PRODUCT = YES;
			};
			name = Release;
		};
		C3DC57FA19FB040B003A6198 /* Debug */ = {
			isa = XCBuildConfiguration;
			buildSettings = {
				ASSETCATALOG_COMPILER_APPICON_NAME = AppIcon;
				INFOPLIST_FILE = CatalogoEmpresas/Info.plist;
				LD_RUNPATH_SEARCH_PATHS = "$(inherited) @executable_path/Frameworks";
				PRODUCT_NAME = "$(TARGET_NAME)";
				TARGETED_DEVICE_FAMILY = 1;
			};
			name = Debug;
		};
		C3DC57FB19FB040B003A6198 /* Release */ = {
			isa = XCBuildConfiguration;
			buildSettings = {
				ASSETCATALOG_COMPILER_APPICON_NAME = AppIcon;
				INFOPLIST_FILE = CatalogoEmpresas/Info.plist;
				LD_RUNPATH_SEARCH_PATHS = "$(inherited) @executable_path/Frameworks";
				PRODUCT_NAME = "$(TARGET_NAME)";
				TARGETED_DEVICE_FAMILY = 1;
			};
			name = Release;
		};
		C3DC57FD19FB040B003A6198 /* Debug */ = {
			isa = XCBuildConfiguration;
			buildSettings = {
				BUNDLE_LOADER = "$(TEST_HOST)";
				FRAMEWORK_SEARCH_PATHS = (
					"$(SDKROOT)/Developer/Library/Frameworks",
					"$(inherited)",
				);
				GCC_PREPROCESSOR_DEFINITIONS = (
					"DEBUG=1",
					"$(inherited)",
				);
				INFOPLIST_FILE = CatalogoEmpresasTests/Info.plist;
				LD_RUNPATH_SEARCH_PATHS = "$(inherited) @executable_path/Frameworks @loader_path/Frameworks";
				PRODUCT_NAME = "$(TARGET_NAME)";
				TEST_HOST = "$(BUILT_PRODUCTS_DIR)/CatalogoEmpresas.app/CatalogoEmpresas";
			};
			name = Debug;
		};
		C3DC57FE19FB040B003A6198 /* Release */ = {
			isa = XCBuildConfiguration;
			buildSettings = {
				BUNDLE_LOADER = "$(TEST_HOST)";
				FRAMEWORK_SEARCH_PATHS = (
					"$(SDKROOT)/Developer/Library/Frameworks",
					"$(inherited)",
				);
				INFOPLIST_FILE = CatalogoEmpresasTests/Info.plist;
				LD_RUNPATH_SEARCH_PATHS = "$(inherited) @executable_path/Frameworks @loader_path/Frameworks";
				PRODUCT_NAME = "$(TARGET_NAME)";
				TEST_HOST = "$(BUILT_PRODUCTS_DIR)/CatalogoEmpresas.app/CatalogoEmpresas";
			};
			name = Release;
		};
/* End XCBuildConfiguration section */

/* Begin XCConfigurationList section */
		C3DC57D119FB040B003A6198 /* Build configuration list for PBXProject "CatalogoEmpresas" */ = {
			isa = XCConfigurationList;
			buildConfigurations = (
				C3DC57F719FB040B003A6198 /* Debug */,
				C3DC57F819FB040B003A6198 /* Release */,
			);
			defaultConfigurationIsVisible = 0;
			defaultConfigurationName = Release;
		};
		C3DC57F919FB040B003A6198 /* Build configuration list for PBXNativeTarget "CatalogoEmpresas" */ = {
			isa = XCConfigurationList;
			buildConfigurations = (
				C3DC57FA19FB040B003A6198 /* Debug */,
				C3DC57FB19FB040B003A6198 /* Release */,
			);
			defaultConfigurationIsVisible = 0;
		};
		C3DC57FC19FB040B003A6198 /* Build configuration list for PBXNativeTarget "CatalogoEmpresasTests" */ = {
			isa = XCConfigurationList;
			buildConfigurations = (
				C3DC57FD19FB040B003A6198 /* Debug */,
				C3DC57FE19FB040B003A6198 /* Release */,
			);
			defaultConfigurationIsVisible = 0;
		};
/* End XCConfigurationList section */
	};
	rootObject = C3DC57CE19FB040B003A6198 /* Project object */;
}
